
Microsoft Visual Studio Solution File, Format Version 12.00
# Visual Studio 14
VisualStudioVersion = 14.0.25420.1
MinimumVisualStudioVersion = 10.0.40219.1
Project("{FAE04EC0-301F-11D3-BF4B-00C04F79EFBC}") = "GithubXamarin.Core", "GithubXamarin.Core\GithubXamarin.Core.csproj", "{BAAF5045-38BA-4697-8EE0-4291AE2D88AC}"
EndProject
Project("{FAE04EC0-301F-11D3-BF4B-00C04F79EFBC}") = "GithubXamarin.Droid", "GithubXamarin.Droid\GithubXamarin.Droid.csproj", "{CF5DB05C-82D1-43C2-868B-4E0EF1086E89}"
EndProject
Project("{FAE04EC0-301F-11D3-BF4B-00C04F79EFBC}") = "GithubXamarin.Localization", "GithubXamarin.Localization\GithubXamarin.Localization.csproj", "{F5A4FDF9-A9D4-4FAA-A9AE-4B624664BC5B}"
EndProject
Project("{2150E333-8FDC-42A3-9474-1A3956D46DE8}") = "Tests", "Tests", "{83ACC643-D4EE-42FE-A6DA-7A1817ADE563}"
EndProject
Project("{FAE04EC0-301F-11D3-BF4B-00C04F79EFBC}") = "GithubXamarin.Core.UnitTests", "GithubXamarin.Core.UnitTests\GithubXamarin.Core.UnitTests.csproj", "{B69CCF83-8FC7-4E1C-A4D7-177BF09B8F15}"
EndProject
Project("{FAE04EC0-301F-11D3-BF4B-00C04F79EFBC}") = "GithubXamarin.UWP.Background", "GithubXamarin.UWP.Background\GithubXamarin.UWP.Background.csproj", "{183833DD-36A9-4126-9D99-D9531581877C}"
EndProject
Project("{FAE04EC0-301F-11D3-BF4B-00C04F79EFBC}") = "GithubXamarin.UWP", "GithubXamarin.UWP\GithubXamarin.UWP.csproj", "{0BDA56A9-153E-4C8D-94DE-3861D177D51B}"
EndProject
Global
	GlobalSection(SolutionConfigurationPlatforms) = preSolution
		Debug|Any CPU = Debug|Any CPU
		Debug|ARM = Debug|ARM
		Debug|x64 = Debug|x64
		Debug|x86 = Debug|x86
		Release|Any CPU = Release|Any CPU
		Release|ARM = Release|ARM
		Release|x64 = Release|x64
		Release|x86 = Release|x86
	EndGlobalSection
	GlobalSection(ProjectConfigurationPlatforms) = postSolution
		{BAAF5045-38BA-4697-8EE0-4291AE2D88AC}.Debug|Any CPU.ActiveCfg = Debug|Any CPU
		{BAAF5045-38BA-4697-8EE0-4291AE2D88AC}.Debug|Any CPU.Build.0 = Debug|Any CPU
		{BAAF5045-38BA-4697-8EE0-4291AE2D88AC}.Debug|ARM.ActiveCfg = Debug|Any CPU
		{BAAF5045-38BA-4697-8EE0-4291AE2D88AC}.Debug|ARM.Build.0 = Debug|Any CPU
		{BAAF5045-38BA-4697-8EE0-4291AE2D88AC}.Debug|x64.ActiveCfg = Debug|Any CPU
		{BAAF5045-38BA-4697-8EE0-4291AE2D88AC}.Debug|x64.Build.0 = Debug|Any CPU
		{BAAF5045-38BA-4697-8EE0-4291AE2D88AC}.Debug|x86.ActiveCfg = Debug|Any CPU
		{BAAF5045-38BA-4697-8EE0-4291AE2D88AC}.Debug|x86.Build.0 = Debug|Any CPU
		{BAAF5045-38BA-4697-8EE0-4291AE2D88AC}.Release|Any CPU.ActiveCfg = Release|Any CPU
		{BAAF5045-38BA-4697-8EE0-4291AE2D88AC}.Release|Any CPU.Build.0 = Release|Any CPU
		{BAAF5045-38BA-4697-8EE0-4291AE2D88AC}.Release|ARM.ActiveCfg = Release|Any CPU
		{BAAF5045-38BA-4697-8EE0-4291AE2D88AC}.Release|ARM.Build.0 = Release|Any CPU
		{BAAF5045-38BA-4697-8EE0-4291AE2D88AC}.Release|x64.ActiveCfg = Release|Any CPU
		{BAAF5045-38BA-4697-8EE0-4291AE2D88AC}.Release|x64.Build.0 = Release|Any CPU
		{BAAF5045-38BA-4697-8EE0-4291AE2D88AC}.Release|x86.ActiveCfg = Release|Any CPU
		{BAAF5045-38BA-4697-8EE0-4291AE2D88AC}.Release|x86.Build.0 = Release|Any CPU
		{CF5DB05C-82D1-43C2-868B-4E0EF1086E89}.Debug|Any CPU.ActiveCfg = Debug|Any CPU
		{CF5DB05C-82D1-43C2-868B-4E0EF1086E89}.Debug|Any CPU.Build.0 = Debug|Any CPU
		{CF5DB05C-82D1-43C2-868B-4E0EF1086E89}.Debug|Any CPU.Deploy.0 = Debug|Any CPU
		{CF5DB05C-82D1-43C2-868B-4E0EF1086E89}.Debug|ARM.ActiveCfg = Debug|Any CPU
		{CF5DB05C-82D1-43C2-868B-4E0EF1086E89}.Debug|ARM.Build.0 = Debug|Any CPU
		{CF5DB05C-82D1-43C2-868B-4E0EF1086E89}.Debug|ARM.Deploy.0 = Debug|Any CPU
		{CF5DB05C-82D1-43C2-868B-4E0EF1086E89}.Debug|x64.ActiveCfg = Debug|Any CPU
		{CF5DB05C-82D1-43C2-868B-4E0EF1086E89}.Debug|x64.Build.0 = Debug|Any CPU
		{CF5DB05C-82D1-43C2-868B-4E0EF1086E89}.Debug|x64.Deploy.0 = Debug|Any CPU
		{CF5DB05C-82D1-43C2-868B-4E0EF1086E89}.Debug|x86.ActiveCfg = Debug|Any CPU
		{CF5DB05C-82D1-43C2-868B-4E0EF1086E89}.Debug|x86.Build.0 = Debug|Any CPU
		{CF5DB05C-82D1-43C2-868B-4E0EF1086E89}.Debug|x86.Deploy.0 = Debug|Any CPU
		{CF5DB05C-82D1-43C2-868B-4E0EF1086E89}.Release|Any CPU.ActiveCfg = Release|Any CPU
		{CF5DB05C-82D1-43C2-868B-4E0EF1086E89}.Release|Any CPU.Build.0 = Release|Any CPU
		{CF5DB05C-82D1-43C2-868B-4E0EF1086E89}.Release|Any CPU.Deploy.0 = Release|Any CPU
		{CF5DB05C-82D1-43C2-868B-4E0EF1086E89}.Release|ARM.ActiveCfg = Release|Any CPU
		{CF5DB05C-82D1-43C2-868B-4E0EF1086E89}.Release|ARM.Build.0 = Release|Any CPU
		{CF5DB05C-82D1-43C2-868B-4E0EF1086E89}.Release|ARM.Deploy.0 = Release|Any CPU
		{CF5DB05C-82D1-43C2-868B-4E0EF1086E89}.Release|x64.ActiveCfg = Release|Any CPU
		{CF5DB05C-82D1-43C2-868B-4E0EF1086E89}.Release|x64.Build.0 = Release|Any CPU
		{CF5DB05C-82D1-43C2-868B-4E0EF1086E89}.Release|x64.Deploy.0 = Release|Any CPU
		{CF5DB05C-82D1-43C2-868B-4E0EF1086E89}.Release|x86.ActiveCfg = Release|Any CPU
		{CF5DB05C-82D1-43C2-868B-4E0EF1086E89}.Release|x86.Build.0 = Release|Any CPU
		{CF5DB05C-82D1-43C2-868B-4E0EF1086E89}.Release|x86.Deploy.0 = Release|Any CPU
		{F5A4FDF9-A9D4-4FAA-A9AE-4B624664BC5B}.Debug|Any CPU.ActiveCfg = Debug|Any CPU
		{F5A4FDF9-A9D4-4FAA-A9AE-4B624664BC5B}.Debug|Any CPU.Build.0 = Debug|Any CPU
		{F5A4FDF9-A9D4-4FAA-A9AE-4B624664BC5B}.Debug|ARM.ActiveCfg = Debug|Any CPU
		{F5A4FDF9-A9D4-4FAA-A9AE-4B624664BC5B}.Debug|ARM.Build.0 = Debug|Any CPU
		{F5A4FDF9-A9D4-4FAA-A9AE-4B624664BC5B}.Debug|x64.ActiveCfg = Debug|Any CPU
		{F5A4FDF9-A9D4-4FAA-A9AE-4B624664BC5B}.Debug|x64.Build.0 = Debug|Any CPU
		{F5A4FDF9-A9D4-4FAA-A9AE-4B624664BC5B}.Debug|x86.ActiveCfg = Debug|Any CPU
		{F5A4FDF9-A9D4-4FAA-A9AE-4B624664BC5B}.Debug|x86.Build.0 = Debug|Any CPU
		{F5A4FDF9-A9D4-4FAA-A9AE-4B624664BC5B}.Release|Any CPU.ActiveCfg = Release|Any CPU
		{F5A4FDF9-A9D4-4FAA-A9AE-4B624664BC5B}.Release|Any CPU.Build.0 = Release|Any CPU
		{F5A4FDF9-A9D4-4FAA-A9AE-4B624664BC5B}.Release|ARM.ActiveCfg = Release|Any CPU
		{F5A4FDF9-A9D4-4FAA-A9AE-4B624664BC5B}.Release|ARM.Build.0 = Release|Any CPU
		{F5A4FDF9-A9D4-4FAA-A9AE-4B624664BC5B}.Release|x64.ActiveCfg = Release|Any CPU
		{F5A4FDF9-A9D4-4FAA-A9AE-4B624664BC5B}.Release|x64.Build.0 = Release|Any CPU
		{F5A4FDF9-A9D4-4FAA-A9AE-4B624664BC5B}.Release|x86.ActiveCfg = Release|Any CPU
		{F5A4FDF9-A9D4-4FAA-A9AE-4B624664BC5B}.Release|x86.Build.0 = Release|Any CPU
		{B69CCF83-8FC7-4E1C-A4D7-177BF09B8F15}.Debug|Any CPU.ActiveCfg = Debug|Any CPU
		{B69CCF83-8FC7-4E1C-A4D7-177BF09B8F15}.Debug|Any CPU.Build.0 = Debug|Any CPU
		{B69CCF83-8FC7-4E1C-A4D7-177BF09B8F15}.Debug|ARM.ActiveCfg = Debug|Any CPU
		{B69CCF83-8FC7-4E1C-A4D7-177BF09B8F15}.Debug|ARM.Build.0 = Debug|Any CPU
		{B69CCF83-8FC7-4E1C-A4D7-177BF09B8F15}.Debug|x64.ActiveCfg = Debug|Any CPU
		{B69CCF83-8FC7-4E1C-A4D7-177BF09B8F15}.Debug|x64.Build.0 = Debug|Any CPU
		{B69CCF83-8FC7-4E1C-A4D7-177BF09B8F15}.Debug|x86.ActiveCfg = Debug|Any CPU
		{B69CCF83-8FC7-4E1C-A4D7-177BF09B8F15}.Debug|x86.Build.0 = Debug|Any CPU
		{B69CCF83-8FC7-4E1C-A4D7-177BF09B8F15}.Release|Any CPU.ActiveCfg = Release|Any CPU
		{B69CCF83-8FC7-4E1C-A4D7-177BF09B8F15}.Release|Any CPU.Build.0 = Release|Any CPU
		{B69CCF83-8FC7-4E1C-A4D7-177BF09B8F15}.Release|ARM.ActiveCfg = Release|Any CPU
		{B69CCF83-8FC7-4E1C-A4D7-177BF09B8F15}.Release|ARM.Build.0 = Release|Any CPU
		{B69CCF83-8FC7-4E1C-A4D7-177BF09B8F15}.Release|x64.ActiveCfg = Release|Any CPU
		{B69CCF83-8FC7-4E1C-A4D7-177BF09B8F15}.Release|x64.Build.0 = Release|Any CPU
		{B69CCF83-8FC7-4E1C-A4D7-177BF09B8F15}.Release|x86.ActiveCfg = Release|Any CPU
		{B69CCF83-8FC7-4E1C-A4D7-177BF09B8F15}.Release|x86.Build.0 = Release|Any CPU
		{183833DD-36A9-4126-9D99-D9531581877C}.Debug|Any CPU.ActiveCfg = Debug|Any CPU
		{183833DD-36A9-4126-9D99-D9531581877C}.Debug|Any CPU.Build.0 = Debug|Any CPU
		{183833DD-36A9-4126-9D99-D9531581877C}.Debug|ARM.ActiveCfg = Debug|ARM
		{183833DD-36A9-4126-9D99-D9531581877C}.Debug|ARM.Build.0 = Debug|ARM
		{183833DD-36A9-4126-9D99-D9531581877C}.Debug|x64.ActiveCfg = Debug|x64
		{183833DD-36A9-4126-9D99-D9531581877C}.Debug|x64.Build.0 = Debug|x64
		{183833DD-36A9-4126-9D99-D9531581877C}.Debug|x86.ActiveCfg = Debug|x86
		{183833DD-36A9-4126-9D99-D9531581877C}.Debug|x86.Build.0 = Debug|x86
		{183833DD-36A9-4126-9D99-D9531581877C}.Release|Any CPU.ActiveCfg = Release|Any CPU
		{183833DD-36A9-4126-9D99-D9531581877C}.Release|Any CPU.Build.0 = Release|Any CPU
		{183833DD-36A9-4126-9D99-D9531581877C}.Release|ARM.ActiveCfg = Release|ARM
		{183833DD-36A9-4126-9D99-D9531581877C}.Release|ARM.Build.0 = Release|ARM
		{183833DD-36A9-4126-9D99-D9531581877C}.Release|x64.ActiveCfg = Release|x64
		{183833DD-36A9-4126-9D99-D9531581877C}.Release|x64.Build.0 = Release|x64
		{183833DD-36A9-4126-9D99-D9531581877C}.Release|x86.ActiveCfg = Release|x86
		{183833DD-36A9-4126-9D99-D9531581877C}.Release|x86.Build.0 = Release|x86
		{0BDA56A9-153E-4C8D-94DE-3861D177D51B}.Debug|Any CPU.ActiveCfg = Debug|x86
		{0BDA56A9-153E-4C8D-94DE-3861D177D51B}.Debug|ARM.ActiveCfg = Debug|ARM
		{0BDA56A9-153E-4C8D-94DE-3861D177D51B}.Debug|ARM.Build.0 = Debug|ARM
		{0BDA56A9-153E-4C8D-94DE-3861D177D51B}.Debug|ARM.Deploy.0 = Debug|ARM
		{0BDA56A9-153E-4C8D-94DE-3861D177D51B}.Debug|x64.ActiveCfg = Debug|x64
		{0BDA56A9-153E-4C8D-94DE-3861D177D51B}.Debug|x64.Build.0 = Debug|x64
		{0BDA56A9-153E-4C8D-94DE-3861D177D51B}.Debug|x64.Deploy.0 = Debug|x64
		{0BDA56A9-153E-4C8D-94DE-3861D177D51B}.Debug|x86.ActiveCfg = Debug|x86
		{0BDA56A9-153E-4C8D-94DE-3861D177D51B}.Debug|x86.Build.0 = Debug|x86
		{0BDA56A9-153E-4C8D-94DE-3861D177D51B}.Debug|x86.Deploy.0 = Debug|x86
		{0BDA56A9-153E-4C8D-94DE-3861D177D51B}.Release|Any CPU.ActiveCfg = Release|x86
		{0BDA56A9-153E-4C8D-94DE-3861D177D51B}.Release|ARM.ActiveCfg = Release|ARM
		{0BDA56A9-153E-4C8D-94DE-3861D177D51B}.Release|ARM.Build.0 = Release|ARM
		{0BDA56A9-153E-4C8D-94DE-3861D177D51B}.Release|ARM.Deploy.0 = Release|ARM
		{0BDA56A9-153E-4C8D-94DE-3861D177D51B}.Release|x64.ActiveCfg = Release|x64
		{0BDA56A9-153E-4C8D-94DE-3861D177D51B}.Release|x64.Build.0 = Release|x64
		{0BDA56A9-153E-4C8D-94DE-3861D177D51B}.Release|x64.Deploy.0 = Release|x64
		{0BDA56A9-153E-4C8D-94DE-3861D177D51B}.Release|x86.ActiveCfg = Release|x86
		{0BDA56A9-153E-4C8D-94DE-3861D177D51B}.Release|x86.Build.0 = Release|x86
		{0BDA56A9-153E-4C8D-94DE-3861D177D51B}.Release|x86.Deploy.0 = Release|x86
	EndGlobalSection
	GlobalSection(SolutionProperties) = preSolution
		HideSolutionNode = FALSE
	EndGlobalSection
	GlobalSection(NestedProjects) = preSolution
		{B69CCF83-8FC7-4E1C-A4D7-177BF09B8F15} = {83ACC643-D4EE-42FE-A6DA-7A1817ADE563}
	EndGlobalSection
EndGlobal
