
Microsoft Visual Studio Solution File, Format Version 11.00
# Visual Studio 2010
Project("{FAE04EC0-301F-11D3-BF4B-00C04F79EFBC}") = "Auth0Client.iOS.Sample", "samples\Auth0Client.iOS.Sample\Auth0Client.iOS.Sample-Classic.csproj", "{AEABCA29-E9F7-4C17-B25F-3C207827C143}"
EndProject
Global
	GlobalSection(SolutionConfigurationPlatforms) = preSolution
		Debug|iPhoneSimulator = Debug|iPhoneSimulator
		Release|iPhoneSimulator = Release|iPhoneSimulator
		Debug|iPhone = Debug|iPhone
		Release|iPhone = Release|iPhone
		Ad-Hoc|iPhone = Ad-Hoc|iPhone
		AppStore|iPhone = AppStore|iPhone
	EndGlobalSection
	GlobalSection(ProjectConfigurationPlatforms) = postSolution
		{6D7BCBB4-FA0D-44E6-BFA3-89D166F4DDCB}.Ad-Hoc|iPhone.ActiveCfg = Release|Any CPU
		{6D7BCBB4-FA0D-44E6-BFA3-89D166F4DDCB}.Ad-Hoc|iPhone.Build.0 = Release|Any CPU
		{6D7BCBB4-FA0D-44E6-BFA3-89D166F4DDCB}.AppStore|iPhone.ActiveCfg = Release|Any CPU
		{6D7BCBB4-FA0D-44E6-BFA3-89D166F4DDCB}.AppStore|iPhone.Build.0 = Release|Any CPU
		{6D7BCBB4-FA0D-44E6-BFA3-89D166F4DDCB}.Debug|iPhone.ActiveCfg = Debug|Any CPU
		{6D7BCBB4-FA0D-44E6-BFA3-89D166F4DDCB}.Debug|iPhone.Build.0 = Debug|Any CPU
		{6D7BCBB4-FA0D-44E6-BFA3-89D166F4DDCB}.Debug|iPhoneSimulator.ActiveCfg = Debug|Any CPU
		{6D7BCBB4-FA0D-44E6-BFA3-89D166F4DDCB}.Debug|iPhoneSimulator.Build.0 = Debug|Any CPU
		{6D7BCBB4-FA0D-44E6-BFA3-89D166F4DDCB}.Release|iPhone.ActiveCfg = Release|Any CPU
		{6D7BCBB4-FA0D-44E6-BFA3-89D166F4DDCB}.Release|iPhone.Build.0 = Release|Any CPU
		{6D7BCBB4-FA0D-44E6-BFA3-89D166F4DDCB}.Release|iPhoneSimulator.ActiveCfg = Release|Any CPU
		{6D7BCBB4-FA0D-44E6-BFA3-89D166F4DDCB}.Release|iPhoneSimulator.Build.0 = Release|Any CPU
		{AEABCA29-E9F7-4C17-B25F-3C207827C143}.Ad-Hoc|iPhone.ActiveCfg = Ad-Hoc|iPhone
		{AEABCA29-E9F7-4C17-B25F-3C207827C143}.Ad-Hoc|iPhone.Build.0 = Ad-Hoc|iPhone
		{AEABCA29-E9F7-4C17-B25F-3C207827C143}.AppStore|iPhone.ActiveCfg = AppStore|iPhone
		{AEABCA29-E9F7-4C17-B25F-3C207827C143}.AppStore|iPhone.Build.0 = AppStore|iPhone
		{AEABCA29-E9F7-4C17-B25F-3C207827C143}.Debug|iPhone.ActiveCfg = Debug|iPhone
		{AEABCA29-E9F7-4C17-B25F-3C207827C143}.Debug|iPhone.Build.0 = Debug|iPhone
		{AEABCA29-E9F7-4C17-B25F-3C207827C143}.Debug|iPhoneSimulator.ActiveCfg = Debug|iPhoneSimulator
		{AEABCA29-E9F7-4C17-B25F-3C207827C143}.Debug|iPhoneSimulator.Build.0 = Debug|iPhoneSimulator
		{AEABCA29-E9F7-4C17-B25F-3C207827C143}.Release|iPhone.ActiveCfg = Release|iPhone
		{AEABCA29-E9F7-4C17-B25F-3C207827C143}.Release|iPhone.Build.0 = Release|iPhone
		{AEABCA29-E9F7-4C17-B25F-3C207827C143}.Release|iPhoneSimulator.ActiveCfg = Release|iPhoneSimulator
		{AEABCA29-E9F7-4C17-B25F-3C207827C143}.Release|iPhoneSimulator.Build.0 = Release|iPhoneSimulator
		{AEABCA29-E9F7-4C17-B25F-3C207827C143}.Ad-Hoc|iPhone.ActiveCfg = Ad-Hoc|iPhone
		{AEABCA29-E9F7-4C17-B25F-3C207827C143}.Ad-Hoc|iPhone.Build.0 = Ad-Hoc|iPhone
		{AEABCA29-E9F7-4C17-B25F-3C207827C143}.AppStore|iPhone.ActiveCfg = AppStore|iPhone
		{AEABCA29-E9F7-4C17-B25F-3C207827C143}.AppStore|iPhone.Build.0 = AppStore|iPhone
		{AEABCA29-E9F7-4C17-B25F-3C207827C143}.Debug|iPhone.ActiveCfg = Debug|iPhone
		{AEABCA29-E9F7-4C17-B25F-3C207827C143}.Debug|iPhone.Build.0 = Debug|iPhone
		{AEABCA29-E9F7-4C17-B25F-3C207827C143}.Debug|iPhoneSimulator.ActiveCfg = Debug|iPhoneSimulator
		{AEABCA29-E9F7-4C17-B25F-3C207827C143}.Debug|iPhoneSimulator.Build.0 = Debug|iPhoneSimulator
		{AEABCA29-E9F7-4C17-B25F-3C207827C143}.Release|iPhone.ActiveCfg = Release|iPhone
		{AEABCA29-E9F7-4C17-B25F-3C207827C143}.Release|iPhone.Build.0 = Release|iPhone
		{AEABCA29-E9F7-4C17-B25F-3C207827C143}.Release|iPhoneSimulator.ActiveCfg = Release|iPhoneSimulator
		{AEABCA29-E9F7-4C17-B25F-3C207827C143}.Release|iPhoneSimulator.Build.0 = Release|iPhoneSimulator
	EndGlobalSection
	GlobalSection(MonoDevelopProperties) = preSolution
		StartupItem = samples\Auth0Client.iOS.Sample\Auth0Client.iOS.Sample-Classic.csproj
	EndGlobalSection
EndGlobal
