
Microsoft Visual Studio Solution File, Format Version 11.00
# Visual Studio 2010
Project("{FAE04EC0-301F-11D3-BF4B-00C04F79EFBC}") = "AndroidSupportSample", "AndroidSupportSample\AndroidSupportSample.csproj", "{93B05B12-9FCC-45B0-813B-B1FB256829B5}"
EndProject
Project("{FAE04EC0-301F-11D3-BF4B-00C04F79EFBC}") = "AndroidSupportSample.UITests", "AndroidSupportSample.UITests\AndroidSupportSample.UITests.csproj", "{9B4CB3B2-E826-44EA-84BC-843191F6D7F6}"
EndProject
Global
	GlobalSection(SolutionConfigurationPlatforms) = preSolution
		Debug|Any CPU = Debug|Any CPU
		Release|Any CPU = Release|Any CPU
	EndGlobalSection
	GlobalSection(ProjectConfigurationPlatforms) = postSolution
		{93B05B12-9FCC-45B0-813B-B1FB256829B5}.Debug|Any CPU.ActiveCfg = Debug|Any CPU
		{93B05B12-9FCC-45B0-813B-B1FB256829B5}.Debug|Any CPU.Build.0 = Debug|Any CPU
		{93B05B12-9FCC-45B0-813B-B1FB256829B5}.Release|Any CPU.ActiveCfg = Release|Any CPU
		{93B05B12-9FCC-45B0-813B-B1FB256829B5}.Release|Any CPU.Build.0 = Release|Any CPU
		{9B4CB3B2-E826-44EA-84BC-843191F6D7F6}.Debug|Any CPU.ActiveCfg = Debug|Any CPU
		{9B4CB3B2-E826-44EA-84BC-843191F6D7F6}.Debug|Any CPU.Build.0 = Debug|Any CPU
		{9B4CB3B2-E826-44EA-84BC-843191F6D7F6}.Release|Any CPU.ActiveCfg = Release|Any CPU
		{9B4CB3B2-E826-44EA-84BC-843191F6D7F6}.Release|Any CPU.Build.0 = Release|Any CPU
		{E9848EF1-14E6-4144-95A0-926A52F301B5}.Debug|Any CPU.ActiveCfg = Debug|Any CPU
		{E9848EF1-14E6-4144-95A0-926A52F301B5}.Debug|Any CPU.Build.0 = Debug|Any CPU
		{E9848EF1-14E6-4144-95A0-926A52F301B5}.Release|Any CPU.ActiveCfg = Release|Any CPU
		{E9848EF1-14E6-4144-95A0-926A52F301B5}.Release|Any CPU.Build.0 = Release|Any CPU
	EndGlobalSection
EndGlobal
